
Microsoft Visual Studio Solution File, Format Version 12.00
# Visual Studio Version 17
VisualStudioVersion = 17.7.34031.279
MinimumVisualStudioVersion = 10.0.40219.1
Project("{FAE04EC0-301F-11D3-BF4B-00C04F79EFBC}") = "LayoutsforMaui", "LayoutsforMaui.csproj", "{BC681168-608A-42DA-94D8-5171C801DAED}"
EndProject
Global
	GlobalSection(SolutionConfigurationPlatforms) = preSolution
		Debug|Any CPU = Debug|Any CPU
		Release|Any CPU = Release|Any CPU
	EndGlobalSection
	GlobalSection(ProjectConfigurationPlatforms) = postSolution
		{BC681168-608A-42DA-94D8-5171C801DAED}.Debug|Any CPU.ActiveCfg = Debug|Any CPU
		{BC681168-608A-42DA-94D8-5171C801DAED}.Debug|Any CPU.Build.0 = Debug|Any CPU
		{BC681168-608A-42DA-94D8-5171C801DAED}.Debug|Any CPU.Deploy.0 = Debug|Any CPU
		{BC681168-608A-42DA-94D8-5171C801DAED}.Release|Any CPU.ActiveCfg = Release|Any CPU
		{BC681168-608A-42DA-94D8-5171C801DAED}.Release|Any CPU.Build.0 = Release|Any CPU
		{BC681168-608A-42DA-94D8-5171C801DAED}.Release|Any CPU.Deploy.0 = Release|Any CPU
	EndGlobalSection
	GlobalSection(SolutionProperties) = preSolution
		HideSolutionNode = FALSE
	EndGlobalSection
	GlobalSection(ExtensibilityGlobals) = postSolution
		SolutionGuid = {0841A8B4-07B0-4226-B8FA-3E4AD82A0773}
	EndGlobalSection
EndGlobal
